{
  "name": "simplycode",
  "lockfileVersion": 3,
  "requires": true,
  "packages": {
    "": {
      "name": "simplycode",
      "hasInstallScript": true,
      "license": "MIT",
      "dependencies": {
        "codemirror": "5.65.2",
        "simplyedit": "github:simplyedit/simplyedit"
      }
    },
    "node_modules/codemirror": {
      "version": "5.65.2",
      "resolved": "https://registry.npmjs.org/codemirror/-/codemirror-5.65.2.tgz",
      "integrity": "sha512-SZM4Zq7XEC8Fhroqe3LxbEEX1zUPWH1wMr5zxiBuiUF64iYOUH/JI88v4tBag8MiBS8B8gRv8O1pPXGYXQ4ErA==",
      "license": "MIT"
    },
    "node_modules/simplyedit": {
      "resolved": "git+ssh://git@github.com/simplyedit/simplyedit.git#004c14675574c1edb5a1fc3ccae32097f9154069"
    }
  }
}
